{
  "requires": true,
  "lockfileVersion": 1,
  "dependencies": {
    "animate.css": {
      "version": "4.1.1",
      "resolved": "https://registry.npmjs.org/animate.css/-/animate.css-4.1.1.tgz",
      "integrity": "sha512-+mRmCTv6SbCmtYJCN4faJMNFVNN5EuCTTprDTAo7YzIGji2KADmakjVA3+8mVDkZ2Bf09vayB35lSQIex2+QaQ=="
    },
    "yarn": {
      "version": "1.22.5",
      "resolved": "https://registry.npmjs.org/yarn/-/yarn-1.22.5.tgz",
      "integrity": "sha512-5uzKXwdMc++mYktXqkfpNYT9tY8ViWegU58Hgbo+KXzrzzhEyP1Ip+BTtXloLrXNcNlxFJbLiFKGaS9vK9ym6Q=="
    }
  }
}
